// !$*UTF8*$!
{
	archiveVersion = 1;
	classes = {
	};
	objectVersion = 55;
	objects = {

/* Begin PBXBuildFile section */
		314BF70F28580ABD004340BB /* TableViewCellHelper.swift in Sources */ = {isa = PBXBuildFile; fileRef = 314BF70E28580ABD004340BB /* TableViewCellHelper.swift */; };
		31A2F28A2853495F0061EEA5 /* AppDelegate.swift in Sources */ = {isa = PBXBuildFile; fileRef = 31A2F2892853495F0061EEA5 /* AppDelegate.swift */; };
		31A2F28C2853495F0061EEA5 /* SceneDelegate.swift in Sources */ = {isa = PBXBuildFile; fileRef = 31A2F28B2853495F0061EEA5 /* SceneDelegate.swift */; };
		31A2F28E2853495F0061EEA5 /* ViewController.swift in Sources */ = {isa = PBXBuildFile; fileRef = 31A2F28D2853495F0061EEA5 /* ViewController.swift */; };
		31A2F2912853495F0061EEA5 /* Main.storyboard in Resources */ = {isa = PBXBuildFile; fileRef = 31A2F28F2853495F0061EEA5 /* Main.storyboard */; };
		31A2F293285349600061EEA5 /* Assets.xcassets in Resources */ = {isa = PBXBuildFile; fileRef = 31A2F292285349600061EEA5 /* Assets.xcassets */; };
		31A2F296285349600061EEA5 /* LaunchScreen.storyboard in Resources */ = {isa = PBXBuildFile; fileRef = 31A2F294285349600061EEA5 /* LaunchScreen.storyboard */; };
		31A2F29F285350A40061EEA5 /* CustomTableViewCell.swift in Sources */ = {isa = PBXBuildFile; fileRef = 31A2F29D285350A40061EEA5 /* CustomTableViewCell.swift */; };
		31A2F2A0285350A40061EEA5 /* CustomTableViewCell.xib in Resources */ = {isa = PBXBuildFile; fileRef = 31A2F29E285350A40061EEA5 /* CustomTableViewCell.xib */; };
		31A2F2A2285363C90061EEA5 /* CryptoCurrency.swift in Sources */ = {isa = PBXBuildFile; fileRef = 31A2F2A1285363C90061EEA5 /* CryptoCurrency.swift */; };
		31FCE11C2858FD2000E37CD5 /* ViewModel.swift in Sources */ = {isa = PBXBuildFile; fileRef = 31FCE11B2858FD2000E37CD5 /* ViewModel.swift */; };
		31FCE11E2858FD2F00E37CD5 /* Model.swift in Sources */ = {isa = PBXBuildFile; fileRef = 31FCE11D2858FD2F00E37CD5 /* Model.swift */; };
/* End PBXBuildFile section */

/* Begin PBXFileReference section */
		314BF70E28580ABD004340BB /* TableViewCellHelper.swift */ = {isa = PBXFileReference; lastKnownFileType = sourcecode.swift; path = TableViewCellHelper.swift; sourceTree = "<group>"; };
		31A2F2862853495F0061EEA5 /* assignment_4.app */ = {isa = PBXFileReference; explicitFileType = wrapper.application; includeInIndex = 0; path = assignment_4.app; sourceTree = BUILT_PRODUCTS_DIR; };
		31A2F2892853495F0061EEA5 /* AppDelegate.swift */ = {isa = PBXFileReference; lastKnownFileType = sourcecode.swift; path = AppDelegate.swift; sourceTree = "<group>"; };
		31A2F28B2853495F0061EEA5 /* SceneDelegate.swift */ = {isa = PBXFileReference; lastKnownFileType = sourcecode.swift; path = SceneDelegate.swift; sourceTree = "<group>"; };
		31A2F28D2853495F0061EEA5 /* ViewController.swift */ = {isa = PBXFileReference; lastKnownFileType = sourcecode.swift; lineEnding = 2; path = ViewController.swift; sourceTree = "<group>"; };
		31A2F2902853495F0061EEA5 /* Base */ = {isa = PBXFileReference; lastKnownFileType = file.storyboard; name = Base; path = Base.lproj/Main.storyboard; sourceTree = "<group>"; };
		31A2F292285349600061EEA5 /* Assets.xcassets */ = {isa = PBXFileReference; lastKnownFileType = folder.assetcatalog; path = Assets.xcassets; sourceTree = "<group>"; };
		31A2F295285349600061EEA5 /* Base */ = {isa = PBXFileReference; lastKnownFileType = file.storyboard; name = Base; path = Base.lproj/LaunchScreen.storyboard; sourceTree = "<group>"; };
		31A2F297285349600061EEA5 /* Info.plist */ = {isa = PBXFileReference; lastKnownFileType = text.plist.xml; path = Info.plist; sourceTree = "<group>"; };
		31A2F29D285350A40061EEA5 /* CustomTableViewCell.swift */ = {isa = PBXFileReference; lastKnownFileType = sourcecode.swift; path = CustomTableViewCell.swift; sourceTree = "<group>"; };
		31A2F29E285350A40061EEA5 /* CustomTableViewCell.xib */ = {isa = PBXFileReference; lastKnownFileType = file.xib; path = CustomTableViewCell.xib; sourceTree = "<group>"; };
		31A2F2A1285363C90061EEA5 /* CryptoCurrency.swift */ = {isa = PBXFileReference; lastKnownFileType = sourcecode.swift; path = CryptoCurrency.swift; sourceTree = "<group>"; };
		31FCE11B2858FD2000E37CD5 /* ViewModel.swift */ = {isa = PBXFileReference; lastKnownFileType = sourcecode.swift; path = ViewModel.swift; sourceTree = "<group>"; };
		31FCE11D2858FD2F00E37CD5 /* Model.swift */ = {isa = PBXFileReference; lastKnownFileType = sourcecode.swift; path = Model.swift; sourceTree = "<group>"; };
/* End PBXFileReference section */

/* Begin PBXFrameworksBuildPhase section */
		31A2F2832853495F0061EEA5 /* Frameworks */ = {
			isa = PBXFrameworksBuildPhase;
			buildActionMask = 2147483647;
			files = (
			);
			runOnlyForDeploymentPostprocessing = 0;
		};
/* End PBXFrameworksBuildPhase section */

/* Begin PBXGroup section */
		31A2F27D2853495F0061EEA5 = {
			isa = PBXGroup;
			children = (
				31A2F2882853495F0061EEA5 /* assignment_4 */,
				31A2F2872853495F0061EEA5 /* Products */,
			);
			sourceTree = "<group>";
		};
		31A2F2872853495F0061EEA5 /* Products */ = {
			isa = PBXGroup;
			children = (
				31A2F2862853495F0061EEA5 /* assignment_4.app */,
			);
			name = Products;
			sourceTree = "<group>";
		};
		31A2F2882853495F0061EEA5 /* assignment_4 */ = {
			isa = PBXGroup;
			children = (
				31A2F2892853495F0061EEA5 /* AppDelegate.swift */,
				31A2F28B2853495F0061EEA5 /* SceneDelegate.swift */,
				31A2F28D2853495F0061EEA5 /* ViewController.swift */,
				31A2F28F2853495F0061EEA5 /* Main.storyboard */,
				31A2F292285349600061EEA5 /* Assets.xcassets */,
				31A2F294285349600061EEA5 /* LaunchScreen.storyboard */,
				31A2F297285349600061EEA5 /* Info.plist */,
				31A2F29D285350A40061EEA5 /* CustomTableViewCell.swift */,
				31A2F29E285350A40061EEA5 /* CustomTableViewCell.xib */,
				31A2F2A1285363C90061EEA5 /* CryptoCurrency.swift */,
				314BF70E28580ABD004340BB /* TableViewCellHelper.swift */,
				31FCE11B2858FD2000E37CD5 /* ViewModel.swift */,
				31FCE11D2858FD2F00E37CD5 /* Model.swift */,
			);
			path = assignment_4;
			sourceTree = "<group>";
		};
/* End PBXGroup section */

/* Begin PBXNativeTarget section */
		31A2F2852853495F0061EEA5 /* assignment_4 */ = {
			isa = PBXNativeTarget;
			buildConfigurationList = 31A2F29A285349600061EEA5 /* Build configuration list for PBXNativeTarget "assignment_4" */;
			buildPhases = (
				31A2F2822853495F0061EEA5 /* Sources */,
				31A2F2832853495F0061EEA5 /* Frameworks */,
				31A2F2842853495F0061EEA5 /* Resources */,
			);
			buildRules = (
			);
			dependencies = (
			);
			name = assignment_4;
			productName = assignment_4;
			productReference = 31A2F2862853495F0061EEA5 /* assignment_4.app */;
			productType = "com.apple.product-type.application";
		};
/* End PBXNativeTarget section */

/* Begin PBXProject section */
		31A2F27E2853495F0061EEA5 /* Project object */ = {
			isa = PBXProject;
			attributes = {
				BuildIndependentTargetsInParallel = 1;
				LastSwiftUpdateCheck = 1300;
				LastUpgradeCheck = 1300;
				TargetAttributes = {
					31A2F2852853495F0061EEA5 = {
						CreatedOnToolsVersion = 13.0;
					};
				};
			};
			buildConfigurationList = 31A2F2812853495F0061EEA5 /* Build configuration list for PBXProject "assignment_4" */;
			compatibilityVersion = "Xcode 13.0";
			developmentRegion = en;
			hasScannedForEncodings = 0;
			knownRegions = (
				en,
				Base,
			);
			mainGroup = 31A2F27D2853495F0061EEA5;
			productRefGroup = 31A2F2872853495F0061EEA5 /* Products */;
			projectDirPath = "";
			projectRoot = "";
			targets = (
				31A2F2852853495F0061EEA5 /* assignment_4 */,
			);
		};
/* End PBXProject section */

/* Begin PBXResourcesBuildPhase section */
		31A2F2842853495F0061EEA5 /* Resources */ = {
			isa = PBXResourcesBuildPhase;
			buildActionMask = 2147483647;
			files = (
				31A2F296285349600061EEA5 /* LaunchScreen.storyboard in Resources */,
				31A2F293285349600061EEA5 /* Assets.xcassets in Resources */,
				31A2F2A0285350A40061EEA5 /* CustomTableViewCell.xib in Resources */,
				31A2F2912853495F0061EEA5 /* Main.storyboard in Resources */,
			);
			runOnlyForDeploymentPostprocessing = 0;
		};
/* End PBXResourcesBuildPhase section */

/* Begin PBXSourcesBuildPhase section */
		31A2F2822853495F0061EEA5 /* Sources */ = {
			isa = PBXSourcesBuildPhase;
			buildActionMask = 2147483647;
			files = (
				31A2F28E2853495F0061EEA5 /* ViewController.swift in Sources */,
				31A2F28A2853495F0061EEA5 /* AppDelegate.swift in Sources */,
				31A2F29F285350A40061EEA5 /* CustomTableViewCell.swift in Sources */,
				314BF70F28580ABD004340BB /* TableViewCellHelper.swift in Sources */,
				31A2F2A2285363C90061EEA5 /* CryptoCurrency.swift in Sources */,
				31A2F28C2853495F0061EEA5 /* SceneDelegate.swift in Sources */,
				31FCE11C2858FD2000E37CD5 /* ViewModel.swift in Sources */,
				31FCE11E2858FD2F00E37CD5 /* Model.swift in Sources */,
			);
			runOnlyForDeploymentPostprocessing = 0;
		};
/* End PBXSourcesBuildPhase section */

/* Begin PBXVariantGroup section */
		31A2F28F2853495F0061EEA5 /* Main.storyboard */ = {
			isa = PBXVariantGroup;
			children = (
				31A2F2902853495F0061EEA5 /* Base */,
			);
			name = Main.storyboard;
			sourceTree = "<group>";
		};
		31A2F294285349600061EEA5 /* LaunchScreen.storyboard */ = {
			isa = PBXVariantGroup;
			children = (
				31A2F295285349600061EEA5 /* Base */,
			);
			name = LaunchScreen.storyboard;
			sourceTree = "<group>";
		};
/* End PBXVariantGroup section */

/* Begin XCBuildConfiguration section */
		31A2F298285349600061EEA5 /* Debug */ = {
			isa = XCBuildConfiguration;
			buildSettings = {
				ALWAYS_SEARCH_USER_PATHS = NO;
				CLANG_ANALYZER_NONNULL = YES;
				CLANG_ANALYZER_NUMBER_OBJECT_CONVERSION = YES_AGGRESSIVE;
				CLANG_CXX_LANGUAGE_STANDARD = "gnu++17";
				CLANG_CXX_LIBRARY = "libc++";
				CLANG_ENABLE_MODULES = YES;
				CLANG_ENABLE_OBJC_ARC = YES;
				CLANG_ENABLE_OBJC_WEAK = YES;
				CLANG_WARN_BLOCK_CAPTURE_AUTORELEASING = YES;
				CLANG_WARN_BOOL_CONVERSION = YES;
				CLANG_WARN_COMMA = YES;
				CLANG_WARN_CONSTANT_CONVERSION = YES;
				CLANG_WARN_DEPRECATED_OBJC_IMPLEMENTATIONS = YES;
				CLANG_WARN_DIRECT_OBJC_ISA_USAGE = YES_ERROR;
				CLANG_WARN_DOCUMENTATION_COMMENTS = YES;
				CLANG_WARN_EMPTY_BODY = YES;
				CLANG_WARN_ENUM_CONVERSION = YES;
				CLANG_WARN_INFINITE_RECURSION = YES;
				CLANG_WARN_INT_CONVERSION = YES;
				CLANG_WARN_NON_LITERAL_NULL_CONVERSION = YES;
				CLANG_WARN_OBJC_IMPLICIT_RETAIN_SELF = YES;
				CLANG_WARN_OBJC_LITERAL_CONVERSION = YES;
				CLANG_WARN_OBJC_ROOT_CLASS = YES_ERROR;
				CLANG_WARN_QUOTED_INCLUDE_IN_FRAMEWORK_HEADER = YES;
				CLANG_WARN_RANGE_LOOP_ANALYSIS = YES;
				CLANG_WARN_STRICT_PROTOTYPES = YES;
				CLANG_WARN_SUSPICIOUS_MOVE = YES;
				CLANG_WARN_UNGUARDED_AVAILABILITY = YES_AGGRESSIVE;
				CLANG_WARN_UNREACHABLE_CODE = YES;
				CLANG_WARN__DUPLICATE_METHOD_MATCH = YES;
				COPY_PHASE_STRIP = NO;
				DEBUG_INFORMATION_FORMAT = dwarf;
				ENABLE_STRICT_OBJC_MSGSEND = YES;
				ENABLE_TESTABILITY = YES;
				GCC_C_LANGUAGE_STANDARD = gnu11;
				GCC_DYNAMIC_NO_PIC = NO;
				GCC_NO_COMMON_BLOCKS = YES;
				GCC_OPTIMIZATION_LEVEL = 0;
				GCC_PREPROCESSOR_DEFINITIONS = (
					"DEBUG=1",
					"$(inherited)",
				);
				GCC_WARN_64_TO_32_BIT_CONVERSION = YES;
				GCC_WARN_ABOUT_RETURN_TYPE = YES_ERROR;
				GCC_WARN_UNDECLARED_SELECTOR = YES;
				GCC_WARN_UNINITIALIZED_AUTOS = YES_AGGRESSIVE;
				GCC_WARN_UNUSED_FUNCTION = YES;
				GCC_WARN_UNUSED_VARIABLE = YES;
				IPHONEOS_DEPLOYMENT_TARGET = 15.0;
				MTL_ENABLE_DEBUG_INFO = INCLUDE_SOURCE;
				MTL_FAST_MATH = YES;
				ONLY_ACTIVE_ARCH = YES;
				SDKROOT = iphoneos;
				SWIFT_ACTIVE_COMPILATION_CONDITIONS = DEBUG;
				SWIFT_OPTIMIZATION_LEVEL = "-Onone";
			};
			name = Debug;
		};
		31A2F299285349600061EEA5 /* Release */ = {
			isa = XCBuildConfiguration;
			buildSettings = {
				ALWAYS_SEARCH_USER_PATHS = NO;
				CLANG_ANALYZER_NONNULL = YES;
				CLANG_ANALYZER_NUMBER_OBJECT_CONVERSION = YES_AGGRESSIVE;
				CLANG_CXX_LANGUAGE_STANDARD = "gnu++17";
				CLANG_CXX_LIBRARY = "libc++";
				CLANG_ENABLE_MODULES = YES;
				CLANG_ENABLE_OBJC_ARC = YES;
				CLANG_ENABLE_OBJC_WEAK = YES;
				CLANG_WARN_BLOCK_CAPTURE_AUTORELEASING = YES;
				CLANG_WARN_BOOL_CONVERSION = YES;
				CLANG_WARN_COMMA = YES;
				CLANG_WARN_CONSTANT_CONVERSION = YES;
				CLANG_WARN_DEPRECATED_OBJC_IMPLEMENTATIONS = YES;
				CLANG_WARN_DIRECT_OBJC_ISA_USAGE = YES_ERROR;
				CLANG_WARN_DOCUMENTATION_COMMENTS = YES;
				CLANG_WARN_EMPTY_BODY = YES;
				CLANG_WARN_ENUM_CONVERSION = YES;
				CLANG_WARN_INFINITE_RECURSION = YES;
				CLANG_WARN_INT_CONVERSION = YES;
				CLANG_WARN_NON_LITERAL_NULL_CONVERSION = YES;
				CLANG_WARN_OBJC_IMPLICIT_RETAIN_SELF = YES;
				CLANG_WARN_OBJC_LITERAL_CONVERSION = YES;
				CLANG_WARN_OBJC_ROOT_CLASS = YES_ERROR;
				CLANG_WARN_QUOTED_INCLUDE_IN_FRAMEWORK_HEADER = YES;
				CLANG_WARN_RANGE_LOOP_ANALYSIS = YES;
				CLANG_WARN_STRICT_PROTOTYPES = YES;
				CLANG_WARN_SUSPICIOUS_MOVE = YES;
				CLANG_WARN_UNGUARDED_AVAILABILITY = YES_AGGRESSIVE;
				CLANG_WARN_UNREACHABLE_CODE = YES;
				CLANG_WARN__DUPLICATE_METHOD_MATCH = YES;
				COPY_PHASE_STRIP = NO;
				DEBUG_INFORMATION_FORMAT = "dwarf-with-dsym";
				ENABLE_NS_ASSERTIONS = NO;
				ENABLE_STRICT_OBJC_MSGSEND = YES;
				GCC_C_LANGUAGE_STANDARD = gnu11;
				GCC_NO_COMMON_BLOCKS = YES;
				GCC_WARN_64_TO_32_BIT_CONVERSION = YES;
				GCC_WARN_ABOUT_RETURN_TYPE = YES_ERROR;
				GCC_WARN_UNDECLARED_SELECTOR = YES;
				GCC_WARN_UNINITIALIZED_AUTOS = YES_AGGRESSIVE;
				GCC_WARN_UNUSED_FUNCTION = YES;
				GCC_WARN_UNUSED_VARIABLE = YES;
				IPHONEOS_DEPLOYMENT_TARGET = 15.0;
				MTL_ENABLE_DEBUG_INFO = NO;
				MTL_FAST_MATH = YES;
				SDKROOT = iphoneos;
				SWIFT_COMPILATION_MODE = wholemodule;
				SWIFT_OPTIMIZATION_LEVEL = "-O";
				VALIDATE_PRODUCT = YES;
			};
			name = Release;
		};
		31A2F29B285349600061EEA5 /* Debug */ = {
			isa = XCBuildConfiguration;
			buildSettings = {
				ASSETCATALOG_COMPILER_APPICON_NAME = AppIcon;
				ASSETCATALOG_COMPILER_GLOBAL_ACCENT_COLOR_NAME = AccentColor;
				CODE_SIGN_STYLE = Automatic;
				CURRENT_PROJECT_VERSION = 1;
				GENERATE_INFOPLIST_FILE = YES;
				INFOPLIST_FILE = assignment_4/Info.plist;
				INFOPLIST_KEY_UIApplicationSupportsIndirectInputEvents = YES;
				INFOPLIST_KEY_UILaunchStoryboardName = LaunchScreen;
				INFOPLIST_KEY_UIMainStoryboardFile = Main;
				INFOPLIST_KEY_UISupportedInterfaceOrientations_iPad = "UIInterfaceOrientationPortrait UIInterfaceOrientationPortraitUpsideDown UIInterfaceOrientationLandscapeLeft UIInterfaceOrientationLandscapeRight";
				INFOPLIST_KEY_UISupportedInterfaceOrientations_iPhone = "UIInterfaceOrientationPortrait UIInterfaceOrientationLandscapeLeft UIInterfaceOrientationLandscapeRight";
				LD_RUNPATH_SEARCH_PATHS = (
					"$(inherited)",
					"@executable_path/Frameworks",
				);
				MARKETING_VERSION = 1.0;
				PRODUCT_BUNDLE_IDENTIFIER = "com.nilaydagdemir.assignment-4";
				PRODUCT_NAME = "$(TARGET_NAME)";
				SWIFT_EMIT_LOC_STRINGS = YES;
				SWIFT_VERSION = 5.0;
				TARGETED_DEVICE_FAMILY = "1,2";
			};
			name = Debug;
		};
		31A2F29C285349600061EEA5 /* Release */ = {
			isa = XCBuildConfiguration;
			buildSettings = {
				ASSETCATALOG_COMPILER_APPICON_NAME = AppIcon;
				ASSETCATALOG_COMPILER_GLOBAL_ACCENT_COLOR_NAME = AccentColor;
				CODE_SIGN_STYLE = Automatic;
				CURRENT_PROJECT_VERSION = 1;
				GENERATE_INFOPLIST_FILE = YES;
				INFOPLIST_FILE = assignment_4/Info.plist;
				INFOPLIST_KEY_UIApplicationSupportsIndirectInputEvents = YES;
				INFOPLIST_KEY_UILaunchStoryboardName = LaunchScreen;
				INFOPLIST_KEY_UIMainStoryboardFile = Main;
				INFOPLIST_KEY_UISupportedInterfaceOrientations_iPad = "UIInterfaceOrientationPortrait UIInterfaceOrientationPortraitUpsideDown UIInterfaceOrientationLandscapeLeft UIInterfaceOrientationLandscapeRight";
				INFOPLIST_KEY_UISupportedInterfaceOrientations_iPhone = "UIInterfaceOrientationPortrait UIInterfaceOrientationLandscapeLeft UIInterfaceOrientationLandscapeRight";
				LD_RUNPATH_SEARCH_PATHS = (
					"$(inherited)",
					"@executable_path/Frameworks",
				);
				MARKETING_VERSION = 1.0;
				PRODUCT_BUNDLE_IDENTIFIER = "com.nilaydagdemir.assignment-4";
				PRODUCT_NAME = "$(TARGET_NAME)";
				SWIFT_EMIT_LOC_STRINGS = YES;
				SWIFT_VERSION = 5.0;
				TARGETED_DEVICE_FAMILY = "1,2";
			};
			name = Release;
		};
/* End XCBuildConfiguration section */

/* Begin XCConfigurationList section */
		31A2F2812853495F0061EEA5 /* Build configuration list for PBXProject "assignment_4" */ = {
			isa = XCConfigurationList;
			buildConfigurations = (
				31A2F298285349600061EEA5 /* Debug */,
				31A2F299285349600061EEA5 /* Release */,
			);
			defaultConfigurationIsVisible = 0;
			defaultConfigurationName = Release;
		};
		31A2F29A285349600061EEA5 /* Build configuration list for PBXNativeTarget "assignment_4" */ = {
			isa = XCConfigurationList;
			buildConfigurations = (
				31A2F29B285349600061EEA5 /* Debug */,
				31A2F29C285349600061EEA5 /* Release */,
			);
			defaultConfigurationIsVisible = 0;
			defaultConfigurationName = Release;
		};
/* End XCConfigurationList section */
	};
	rootObject = 31A2F27E2853495F0061EEA5 /* Project object */;
}
